
Microsoft Visual Studio Solution File, Format Version 12.00
# Visual Studio Version 16
VisualStudioVersion = 16.0.31005.135
MinimumVisualStudioVersion = 10.0.40219.1
Project("{FAE04EC0-301F-11D3-BF4B-00C04F79EFBC}") = "AngryStare", "AngryStare.csproj", "{B2CA0583-7B44-46DF-973C-0F7C0990738B}"
EndProject
Global
	GlobalSection(SolutionConfigurationPlatforms) = preSolution
		Debug|Any CPU = Debug|Any CPU
		Release|Any CPU = Release|Any CPU
	EndGlobalSection
	GlobalSection(ProjectConfigurationPlatforms) = postSolution
		{B2CA0583-7B44-46DF-973C-0F7C0990738B}.Debug|Any CPU.ActiveCfg = Debug|Any CPU
		{B2CA0583-7B44-46DF-973C-0F7C0990738B}.Debug|Any CPU.Build.0 = Debug|Any CPU
		{B2CA0583-7B44-46DF-973C-0F7C0990738B}.Release|Any CPU.ActiveCfg = Release|Any CPU
		{B2CA0583-7B44-46DF-973C-0F7C0990738B}.Release|Any CPU.Build.0 = Release|Any CPU
	EndGlobalSection
	GlobalSection(SolutionProperties) = preSolution
		HideSolutionNode = FALSE
	EndGlobalSection
	GlobalSection(ExtensibilityGlobals) = postSolution
		SolutionGuid = {F8CD4DDE-A4A7-4B4F-8E84-B8497B2687A0}
	EndGlobalSection
EndGlobal
